PODS:
  - HTMIBaseComponent (1.1.1):
    - SVProgressHUD (~> 2.1.2)
  - SVProgressHUD (2.1.2)

DEPENDENCIES:
  - HTMIBaseComponent (from `../`)
  - SVProgressHUD (~> 2.1.2)

EXTERNAL SOURCES:
  HTMIBaseComponent:
    :path: "../"

SPEC CHECKSUMS:
  HTMIBaseComponent: f2106a74265480a4b5b125bdb7d017a7c222d1ee
  SVProgressHUD: c404a55d78acbeb7ebb78b76d3faf986475a6994

PODFILE CHECKSUM: e09993ce1dcdeb02a0d9323b6c74e2735f78adf4

COCOAPODS: 1.2.1.beta.1
